// !$*UTF8*$!
{
	archiveVersion = 1;
	classes = {
	};
	objectVersion = 46;
	objects = {

/* Begin PBXBuildFile section */
		69F6F55A1E822738009B658D /* Launch Screen.storyboard in Resources */ = {isa = PBXBuildFile; fileRef = 69F6F5591E822738009B658D /* Launch Screen.storyboard */; };
		87C15639196ED7F9001ABCAD /* AppDelegate.swift in Sources */ = {isa = PBXBuildFile; fileRef = 87C15638196ED7F9001ABCAD /* AppDelegate.swift */; };
		87C1563C196ED7F9001ABCAD /* NSURLProtocolExample.xcdatamodeld in Sources */ = {isa = PBXBuildFile; fileRef = 87C1563A196ED7F9001ABCAD /* NSURLProtocolExample.xcdatamodeld */; };
		87C1563E196ED7F9001ABCAD /* BrowserViewController.swift in Sources */ = {isa = PBXBuildFile; fileRef = 87C1563D196ED7F9001ABCAD /* BrowserViewController.swift */; };
		87C15641196ED7F9001ABCAD /* Main.storyboard in Resources */ = {isa = PBXBuildFile; fileRef = 87C1563F196ED7F9001ABCAD /* Main.storyboard */; };
		87C15643196ED7F9001ABCAD /* Images.xcassets in Resources */ = {isa = PBXBuildFile; fileRef = 87C15642196ED7F9001ABCAD /* Images.xcassets */; };
		87C1564F196ED7F9001ABCAD /* NSURLProtocolExampleTests.swift in Sources */ = {isa = PBXBuildFile; fileRef = 87C1564E196ED7F9001ABCAD /* NSURLProtocolExampleTests.swift */; };
		87C7E9381A92CCAF007CCFEB /* MyURLProtocol.swift in Sources */ = {isa = PBXBuildFile; fileRef = 87C7E9371A92CCAF007CCFEB /* MyURLProtocol.swift */; };
/* End PBXBuildFile section */

/* Begin PBXContainerItemProxy section */
		87C15649196ED7F9001ABCAD /* PBXContainerItemProxy */ = {
			isa = PBXContainerItemProxy;
			containerPortal = 87C1562B196ED7F9001ABCAD /* Project object */;
			proxyType = 1;
			remoteGlobalIDString = 87C15632196ED7F9001ABCAD;
			remoteInfo = NSURLProtocolExample;
		};
/* End PBXContainerItemProxy section */

/* Begin PBXFileReference section */
		69F6F5591E822738009B658D /* Launch Screen.storyboard */ = {isa = PBXFileReference; fileEncoding = 4; lastKnownFileType = file.storyboard; path = "Launch Screen.storyboard"; sourceTree = "<group>"; };
		87C15633196ED7F9001ABCAD /* NSURLProtocolExample.app */ = {isa = PBXFileReference; explicitFileType = wrapper.application; includeInIndex = 0; path = NSURLProtocolExample.app; sourceTree = BUILT_PRODUCTS_DIR; };
		87C15637196ED7F9001ABCAD /* Info.plist */ = {isa = PBXFileReference; lastKnownFileType = text.plist.xml; path = Info.plist; sourceTree = "<group>"; };
		87C15638196ED7F9001ABCAD /* AppDelegate.swift */ = {isa = PBXFileReference; lastKnownFileType = sourcecode.swift; path = AppDelegate.swift; sourceTree = "<group>"; };
		87C1563B196ED7F9001ABCAD /* NSURLProtocolExample.xcdatamodel */ = {isa = PBXFileReference; lastKnownFileType = wrapper.xcdatamodel; path = NSURLProtocolExample.xcdatamodel; sourceTree = "<group>"; };
		87C1563D196ED7F9001ABCAD /* BrowserViewController.swift */ = {isa = PBXFileReference; lastKnownFileType = sourcecode.swift; path = BrowserViewController.swift; sourceTree = "<group>"; };
		87C15640196ED7F9001ABCAD /* Base */ = {isa = PBXFileReference; lastKnownFileType = file.storyboard; name = Base; path = Base.lproj/Main.storyboard; sourceTree = "<group>"; };
		87C15642196ED7F9001ABCAD /* Images.xcassets */ = {isa = PBXFileReference; lastKnownFileType = folder.assetcatalog; path = Images.xcassets; sourceTree = "<group>"; };
		87C15648196ED7F9001ABCAD /* NSURLProtocolExampleTests.xctest */ = {isa = PBXFileReference; explicitFileType = wrapper.cfbundle; includeInIndex = 0; path = NSURLProtocolExampleTests.xctest; sourceTree = BUILT_PRODUCTS_DIR; };
		87C1564D196ED7F9001ABCAD /* Info.plist */ = {isa = PBXFileReference; lastKnownFileType = text.plist.xml; path = Info.plist; sourceTree = "<group>"; };
		87C1564E196ED7F9001ABCAD /* NSURLProtocolExampleTests.swift */ = {isa = PBXFileReference; lastKnownFileType = sourcecode.swift; path = NSURLProtocolExampleTests.swift; sourceTree = "<group>"; };
		87C7E9371A92CCAF007CCFEB /* MyURLProtocol.swift */ = {isa = PBXFileReference; fileEncoding = 4; lastKnownFileType = sourcecode.swift; lineEnding = 0; path = MyURLProtocol.swift; sourceTree = "<group>"; xcLanguageSpecificationIdentifier = xcode.lang.swift; };
/* End PBXFileReference section */

/* Begin PBXFrameworksBuildPhase section */
		87C15630196ED7F9001ABCAD /* Frameworks */ = {
			isa = PBXFrameworksBuildPhase;
			buildActionMask = 2147483647;
			files = (
			);
			runOnlyForDeploymentPostprocessing = 0;
		};
		87C15645196ED7F9001ABCAD /* Frameworks */ = {
			isa = PBXFrameworksBuildPhase;
			buildActionMask = 2147483647;
			files = (
			);
			runOnlyForDeploymentPostprocessing = 0;
		};
/* End PBXFrameworksBuildPhase section */

/* Begin PBXGroup section */
		87C1562A196ED7F9001ABCAD = {
			isa = PBXGroup;
			children = (
				69F6F5591E822738009B658D /* Launch Screen.storyboard */,
				87C15635196ED7F9001ABCAD /* NSURLProtocolExample */,
				87C1564B196ED7F9001ABCAD /* NSURLProtocolExampleTests */,
				87C15634196ED7F9001ABCAD /* Products */,
			);
			sourceTree = "<group>";
		};
		87C15634196ED7F9001ABCAD /* Products */ = {
			isa = PBXGroup;
			children = (
				87C15633196ED7F9001ABCAD /* NSURLProtocolExample.app */,
				87C15648196ED7F9001ABCAD /* NSURLProtocolExampleTests.xctest */,
			);
			name = Products;
			sourceTree = "<group>";
		};
		87C15635196ED7F9001ABCAD /* NSURLProtocolExample */ = {
			isa = PBXGroup;
			children = (
				87C15638196ED7F9001ABCAD /* AppDelegate.swift */,
				87C1563D196ED7F9001ABCAD /* BrowserViewController.swift */,
				87C7E9371A92CCAF007CCFEB /* MyURLProtocol.swift */,
				87C1563F196ED7F9001ABCAD /* Main.storyboard */,
				87C15642196ED7F9001ABCAD /* Images.xcassets */,
				87C1563A196ED7F9001ABCAD /* NSURLProtocolExample.xcdatamodeld */,
				87C15636196ED7F9001ABCAD /* Supporting Files */,
			);
			path = NSURLProtocolExample;
			sourceTree = "<group>";
		};
		87C15636196ED7F9001ABCAD /* Supporting Files */ = {
			isa = PBXGroup;
			children = (
				87C15637196ED7F9001ABCAD /* Info.plist */,
			);
			name = "Supporting Files";
			sourceTree = "<group>";
		};
		87C1564B196ED7F9001ABCAD /* NSURLProtocolExampleTests */ = {
			isa = PBXGroup;
			children = (
				87C1564E196ED7F9001ABCAD /* NSURLProtocolExampleTests.swift */,
				87C1564C196ED7F9001ABCAD /* Supporting Files */,
			);
			path = NSURLProtocolExampleTests;
			sourceTree = "<group>";
		};
		87C1564C196ED7F9001ABCAD /* Supporting Files */ = {
			isa = PBXGroup;
			children = (
				87C1564D196ED7F9001ABCAD /* Info.plist */,
			);
			name = "Supporting Files";
			sourceTree = "<group>";
		};
/* End PBXGroup section */

/* Begin PBXNativeTarget section */
		87C15632196ED7F9001ABCAD /* NSURLProtocolExample */ = {
			isa = PBXNativeTarget;
			buildConfigurationList = 87C15652196ED7F9001ABCAD /* Build configuration list for PBXNativeTarget "NSURLProtocolExample" */;
			buildPhases = (
				87C1562F196ED7F9001ABCAD /* Sources */,
				87C15630196ED7F9001ABCAD /* Frameworks */,
				87C15631196ED7F9001ABCAD /* Resources */,
			);
			buildRules = (
			);
			dependencies = (
			);
			name = NSURLProtocolExample;
			productName = NSURLProtocolExample;
			productReference = 87C15633196ED7F9001ABCAD /* NSURLProtocolExample.app */;
			productType = "com.apple.product-type.application";
		};
		87C15647196ED7F9001ABCAD /* NSURLProtocolExampleTests */ = {
			isa = PBXNativeTarget;
			buildConfigurationList = 87C15655196ED7F9001ABCAD /* Build configuration list for PBXNativeTarget "NSURLProtocolExampleTests" */;
			buildPhases = (
				87C15644196ED7F9001ABCAD /* Sources */,
				87C15645196ED7F9001ABCAD /* Frameworks */,
				87C15646196ED7F9001ABCAD /* Resources */,
			);
			buildRules = (
			);
			dependencies = (
				87C1564A196ED7F9001ABCAD /* PBXTargetDependency */,
			);
			name = NSURLProtocolExampleTests;
			productName = NSURLProtocolExampleTests;
			productReference = 87C15648196ED7F9001ABCAD /* NSURLProtocolExampleTests.xctest */;
			productType = "com.apple.product-type.bundle.unit-test";
		};
/* End PBXNativeTarget section */

/* Begin PBXProject section */
		87C1562B196ED7F9001ABCAD /* Project object */ = {
			isa = PBXProject;
			attributes = {
				LastUpgradeCheck = 0820;
				ORGANIZATIONNAME = Zedenem;
				TargetAttributes = {
					87C15632196ED7F9001ABCAD = {
						CreatedOnToolsVersion = 6.0;
						DevelopmentTeam = 745WQDK4L7;
						LastSwiftMigration = 0820;
					};
					87C15647196ED7F9001ABCAD = {
						CreatedOnToolsVersion = 6.0;
						LastSwiftMigration = 0820;
						TestTargetID = 87C15632196ED7F9001ABCAD;
					};
				};
			};
			buildConfigurationList = 87C1562E196ED7F9001ABCAD /* Build configuration list for PBXProject "NSURLProtocolExample" */;
			compatibilityVersion = "Xcode 3.2";
			developmentRegion = English;
			hasScannedForEncodings = 0;
			knownRegions = (
				en,
				Base,
			);
			mainGroup = 87C1562A196ED7F9001ABCAD;
			productRefGroup = 87C15634196ED7F9001ABCAD /* Products */;
			projectDirPath = "";
			projectRoot = "";
			targets = (
				87C15632196ED7F9001ABCAD /* NSURLProtocolExample */,
				87C15647196ED7F9001ABCAD /* NSURLProtocolExampleTests */,
			);
		};
/* End PBXProject section */

/* Begin PBXResourcesBuildPhase section */
		87C15631196ED7F9001ABCAD /* Resources */ = {
			isa = PBXResourcesBuildPhase;
			buildActionMask = 2147483647;
			files = (
				69F6F55A1E822738009B658D /* Launch Screen.storyboard in Resources */,
				87C15641196ED7F9001ABCAD /* Main.storyboard in Resources */,
				87C15643196ED7F9001ABCAD /* Images.xcassets in Resources */,
			);
			runOnlyForDeploymentPostprocessing = 0;
		};
		87C15646196ED7F9001ABCAD /* Resources */ = {
			isa = PBXResourcesBuildPhase;
			buildActionMask = 2147483647;
			files = (
			);
			runOnlyForDeploymentPostprocessing = 0;
		};
/* End PBXResourcesBuildPhase section */

/* Begin PBXSourcesBuildPhase section */
		87C1562F196ED7F9001ABCAD /* Sources */ = {
			isa = PBXSourcesBuildPhase;
			buildActionMask = 2147483647;
			files = (
				87C1563E196ED7F9001ABCAD /* BrowserViewController.swift in Sources */,
				87C7E9381A92CCAF007CCFEB /* MyURLProtocol.swift in Sources */,
				87C15639196ED7F9001ABCAD /* AppDelegate.swift in Sources */,
				87C1563C196ED7F9001ABCAD /* NSURLProtocolExample.xcdatamodeld in Sources */,
			);
			runOnlyForDeploymentPostprocessing = 0;
		};
		87C15644196ED7F9001ABCAD /* Sources */ = {
			isa = PBXSourcesBuildPhase;
			buildActionMask = 2147483647;
			files = (
				87C1564F196ED7F9001ABCAD /* NSURLProtocolExampleTests.swift in Sources */,
			);
			runOnlyForDeploymentPostprocessing = 0;
		};
/* End PBXSourcesBuildPhase section */

/* Begin PBXTargetDependency section */
		87C1564A196ED7F9001ABCAD /* PBXTargetDependency */ = {
			isa = PBXTargetDependency;
			target = 87C15632196ED7F9001ABCAD /* NSURLProtocolExample */;
			targetProxy = 87C15649196ED7F9001ABCAD /* PBXContainerItemProxy */;
		};
/* End PBXTargetDependency section */

/* Begin PBXVariantGroup section */
		87C1563F196ED7F9001ABCAD /* Main.storyboard */ = {
			isa = PBXVariantGroup;
			children = (
				87C15640196ED7F9001ABCAD /* Base */,
			);
			name = Main.storyboard;
			sourceTree = "<group>";
		};
/* End PBXVariantGroup section */

/* Begin XCBuildConfiguration section */
		87C15650196ED7F9001ABCAD /* Debug */ = {
			isa = XCBuildConfiguration;
			buildSettings = {
				ALWAYS_SEARCH_USER_PATHS = NO;
				CLANG_CXX_LANGUAGE_STANDARD = "gnu++0x";
				CLANG_CXX_LIBRARY = "libc++";
				CLANG_ENABLE_MODULES = YES;
				CLANG_ENABLE_OBJC_ARC = YES;
				CLANG_WARN_BOOL_CONVERSION = YES;
				CLANG_WARN_CONSTANT_CONVERSION = YES;
				CLANG_WARN_DIRECT_OBJC_ISA_USAGE = YES_ERROR;
				CLANG_WARN_EMPTY_BODY = YES;
				CLANG_WARN_ENUM_CONVERSION = YES;
				CLANG_WARN_INFINITE_RECURSION = YES;
				CLANG_WARN_INT_CONVERSION = YES;
				CLANG_WARN_OBJC_ROOT_CLASS = YES_ERROR;
				CLANG_WARN_SUSPICIOUS_MOVE = YES;
				CLANG_WARN_UNREACHABLE_CODE = YES;
				CLANG_WARN__DUPLICATE_METHOD_MATCH = YES;
				"CODE_SIGN_IDENTITY[sdk=iphoneos*]" = "iPhone Developer";
				COPY_PHASE_STRIP = NO;
				ENABLE_STRICT_OBJC_MSGSEND = YES;
				ENABLE_TESTABILITY = YES;
				GCC_C_LANGUAGE_STANDARD = gnu99;
				GCC_DYNAMIC_NO_PIC = NO;
				GCC_NO_COMMON_BLOCKS = YES;
				GCC_OPTIMIZATION_LEVEL = 0;
				GCC_PREPROCESSOR_DEFINITIONS = (
					"DEBUG=1",
					"$(inherited)",
				);
				GCC_SYMBOLS_PRIVATE_EXTERN = NO;
				GCC_WARN_64_TO_32_BIT_CONVERSION = YES;
				GCC_WARN_ABOUT_RETURN_TYPE = YES_ERROR;
				GCC_WARN_UNDECLARED_SELECTOR = YES;
				GCC_WARN_UNINITIALIZED_AUTOS = YES_AGGRESSIVE;
				GCC_WARN_UNUSED_FUNCTION = YES;
				GCC_WARN_UNUSED_VARIABLE = YES;
				IPHONEOS_DEPLOYMENT_TARGET = 8.0;
				METAL_ENABLE_DEBUG_INFO = YES;
				ONLY_ACTIVE_ARCH = YES;
				SDKROOT = iphoneos;
				SWIFT_OPTIMIZATION_LEVEL = "-Onone";
			};
			name = Debug;
		};
		87C15651196ED7F9001ABCAD /* Release */ = {
			isa = XCBuildConfiguration;
			buildSettings = {
				ALWAYS_SEARCH_USER_PATHS = NO;
				CLANG_CXX_LANGUAGE_STANDARD = "gnu++0x";
				CLANG_CXX_LIBRARY = "libc++";
				CLANG_ENABLE_MODULES = YES;
				CLANG_ENABLE_OBJC_ARC = YES;
				CLANG_WARN_BOOL_CONVERSION = YES;
				CLANG_WARN_CONSTANT_CONVERSION = YES;
				CLANG_WARN_DIRECT_OBJC_ISA_USAGE = YES_ERROR;
				CLANG_WARN_EMPTY_BODY = YES;
				CLANG_WARN_ENUM_CONVERSION = YES;
				CLANG_WARN_INFINITE_RECURSION = YES;
				CLANG_WARN_INT_CONVERSION = YES;
				CLANG_WARN_OBJC_ROOT_CLASS = YES_ERROR;
				CLANG_WARN_SUSPICIOUS_MOVE = YES;
				CLANG_WARN_UNREACHABLE_CODE = YES;
				CLANG_WARN__DUPLICATE_METHOD_MATCH = YES;
				"CODE_SIGN_IDENTITY[sdk=iphoneos*]" = "iPhone Developer";
				COPY_PHASE_STRIP = YES;
				ENABLE_NS_ASSERTIONS = NO;
				ENABLE_STRICT_OBJC_MSGSEND = YES;
				GCC_C_LANGUAGE_STANDARD = gnu99;
				GCC_NO_COMMON_BLOCKS = YES;
				GCC_WARN_64_TO_32_BIT_CONVERSION = YES;
				GCC_WARN_ABOUT_RETURN_TYPE = YES_ERROR;
				GCC_WARN_UNDECLARED_SELECTOR = YES;
				GCC_WARN_UNINITIALIZED_AUTOS = YES_AGGRESSIVE;
				GCC_WARN_UNUSED_FUNCTION = YES;
				GCC_WARN_UNUSED_VARIABLE = YES;
				IPHONEOS_DEPLOYMENT_TARGET = 8.0;
				METAL_ENABLE_DEBUG_INFO = NO;
				SDKROOT = iphoneos;
				SWIFT_OPTIMIZATION_LEVEL = "-Owholemodule";
				VALIDATE_PRODUCT = YES;
			};
			name = Release;
		};
		87C15653196ED7F9001ABCAD /* Debug */ = {
			isa = XCBuildConfiguration;
			buildSettings = {
				ASSETCATALOG_COMPILER_APPICON_NAME = AppIcon;
				ASSETCATALOG_COMPILER_LAUNCHIMAGE_NAME = LaunchImage;
				DEVELOPMENT_TEAM = 745WQDK4L7;
				INFOPLIST_FILE = NSURLProtocolExample/Info.plist;
				LD_RUNPATH_SEARCH_PATHS = "$(inherited) @executable_path/Frameworks";
				PRODUCT_BUNDLE_IDENTIFIER = "com.zedenem.${PRODUCT_NAME:rfc1034identifier}";
				PRODUCT_NAME = "$(TARGET_NAME)";
				SWIFT_VERSION = 3.0;
			};
			name = Debug;
		};
		87C15654196ED7F9001ABCAD /* Release */ = {
			isa = XCBuildConfiguration;
			buildSettings = {
				ASSETCATALOG_COMPILER_APPICON_NAME = AppIcon;
				ASSETCATALOG_COMPILER_LAUNCHIMAGE_NAME = LaunchImage;
				DEVELOPMENT_TEAM = 745WQDK4L7;
				INFOPLIST_FILE = NSURLProtocolExample/Info.plist;
				LD_RUNPATH_SEARCH_PATHS = "$(inherited) @executable_path/Frameworks";
				PRODUCT_BUNDLE_IDENTIFIER = "com.zedenem.${PRODUCT_NAME:rfc1034identifier}";
				PRODUCT_NAME = "$(TARGET_NAME)";
				SWIFT_VERSION = 3.0;
			};
			name = Release;
		};
		87C15656196ED7F9001ABCAD /* Debug */ = {
			isa = XCBuildConfiguration;
			buildSettings = {
				BUNDLE_LOADER = "$(BUILT_PRODUCTS_DIR)/NSURLProtocolExample.app/NSURLProtocolExample";
				FRAMEWORK_SEARCH_PATHS = (
					"$(SDKROOT)/Developer/Library/Frameworks",
					"$(inherited)",
				);
				GCC_PREPROCESSOR_DEFINITIONS = (
					"DEBUG=1",
					"$(inherited)",
				);
				INFOPLIST_FILE = NSURLProtocolExampleTests/Info.plist;
				LD_RUNPATH_SEARCH_PATHS = "$(inherited) @executable_path/Frameworks @loader_path/Frameworks";
				METAL_ENABLE_DEBUG_INFO = YES;
				PRODUCT_BUNDLE_IDENTIFIER = "com.zedenem.${PRODUCT_NAME:rfc1034identifier}";
				PRODUCT_NAME = "$(TARGET_NAME)";
				SWIFT_VERSION = 3.0;
				TEST_HOST = "$(BUNDLE_LOADER)";
			};
			name = Debug;
		};
		87C15657196ED7F9001ABCAD /* Release */ = {
			isa = XCBuildConfiguration;
			buildSettings = {
				BUNDLE_LOADER = "$(BUILT_PRODUCTS_DIR)/NSURLProtocolExample.app/NSURLProtocolExample";
				FRAMEWORK_SEARCH_PATHS = (
					"$(SDKROOT)/Developer/Library/Frameworks",
					"$(inherited)",
				);
				INFOPLIST_FILE = NSURLProtocolExampleTests/Info.plist;
				LD_RUNPATH_SEARCH_PATHS = "$(inherited) @executable_path/Frameworks @loader_path/Frameworks";
				METAL_ENABLE_DEBUG_INFO = NO;
				PRODUCT_BUNDLE_IDENTIFIER = "com.zedenem.${PRODUCT_NAME:rfc1034identifier}";
				PRODUCT_NAME = "$(TARGET_NAME)";
				SWIFT_VERSION = 3.0;
				TEST_HOST = "$(BUNDLE_LOADER)";
			};
			name = Release;
		};
/* End XCBuildConfiguration section */

/* Begin XCConfigurationList section */
		87C1562E196ED7F9001ABCAD /* Build configuration list for PBXProject "NSURLProtocolExample" */ = {
			isa = XCConfigurationList;
			buildConfigurations = (
				87C15650196ED7F9001ABCAD /* Debug */,
				87C15651196ED7F9001ABCAD /* Release */,
			);
			defaultConfigurationIsVisible = 0;
			defaultConfigurationName = Release;
		};
		87C15652196ED7F9001ABCAD /* Build configuration list for PBXNativeTarget "NSURLProtocolExample" */ = {
			isa = XCConfigurationList;
			buildConfigurations = (
				87C15653196ED7F9001ABCAD /* Debug */,
				87C15654196ED7F9001ABCAD /* Release */,
			);
			defaultConfigurationIsVisible = 0;
			defaultConfigurationName = Release;
		};
		87C15655196ED7F9001ABCAD /* Build configuration list for PBXNativeTarget "NSURLProtocolExampleTests" */ = {
			isa = XCConfigurationList;
			buildConfigurations = (
				87C15656196ED7F9001ABCAD /* Debug */,
				87C15657196ED7F9001ABCAD /* Release */,
			);
			defaultConfigurationIsVisible = 0;
			defaultConfigurationName = Release;
		};
/* End XCConfigurationList section */

/* Begin XCVersionGroup section */
		87C1563A196ED7F9001ABCAD /* NSURLProtocolExample.xcdatamodeld */ = {
			isa = XCVersionGroup;
			children = (
				87C1563B196ED7F9001ABCAD /* NSURLProtocolExample.xcdatamodel */,
			);
			currentVersion = 87C1563B196ED7F9001ABCAD /* NSURLProtocolExample.xcdatamodel */;
			path = NSURLProtocolExample.xcdatamodeld;
			sourceTree = "<group>";
			versionGroupType = wrapper.xcdatamodel;
		};
/* End XCVersionGroup section */
	};
	rootObject = 87C1562B196ED7F9001ABCAD /* Project object */;
}
